
Microsoft Visual Studio Solution File, Format Version 12.00
# Visual Studio 15
VisualStudioVersion = 15.0.26228.9
MinimumVisualStudioVersion = 10.0.40219.1
Project("{FAE04EC0-301F-11D3-BF4B-00C04F79EFBC}") = "TradeMarket", "TradeMarket\TradeMarket.csproj", "{CDE2BB92-615A-46E6-9D15-03DBE7E17A58}"
EndProject
Project("{FAE04EC0-301F-11D3-BF4B-00C04F79EFBC}") = "TradeMarket.Tests", "TradeMarket.Tests\TradeMarket.Tests.csproj", "{88BD8F4A-4CF4-4F67-84CA-8669B5470B5D}"
EndProject
Project("{FAE04EC0-301F-11D3-BF4B-00C04F79EFBC}") = "ApiTradeMarket.Tests", "ApiTradeMarket.Tests\ApiTradeMarket.Tests.csproj", "{04A1BF31-FC10-4B70-8D00-725F4600C895}"
EndProject
Project("{FAE04EC0-301F-11D3-BF4B-00C04F79EFBC}") = "ApiTradeMarket", "ApiTradeMarket\ApiTradeMarket.csproj", "{9C863AF9-A8F3-48D3-854F-525C80E2B5EF}"
EndProject
Project("{FAE04EC0-301F-11D3-BF4B-00C04F79EFBC}") = "LibraryTradeMarket", "LibraryTradeMarket\LibraryTradeMarket.csproj", "{66B4D93B-51AE-43AF-826F-EDF7750E459A}"
EndProject
Project("{FAE04EC0-301F-11D3-BF4B-00C04F79EFBC}") = "WpfApp1", "WpfApp1\WpfApp1.csproj", "{9D01E318-49A8-4C64-829C-78D0B8C297F8}"
EndProject
Project("{FAE04EC0-301F-11D3-BF4B-00C04F79EFBC}") = "DBLibrary", "..\..\..\MyWork\DBLibrary\DBLibrary.csproj", "{E4CEDC63-C70B-4D0B-97B7-127E876F53C7}"
EndProject
Global
	GlobalSection(SolutionConfigurationPlatforms) = preSolution
		Debug|Any CPU = Debug|Any CPU
		Debug|ARM = Debug|ARM
		Debug|x64 = Debug|x64
		Debug|x86 = Debug|x86
		Release|Any CPU = Release|Any CPU
		Release|ARM = Release|ARM
		Release|x64 = Release|x64
		Release|x86 = Release|x86
	EndGlobalSection
	GlobalSection(ProjectConfigurationPlatforms) = postSolution
		{CDE2BB92-615A-46E6-9D15-03DBE7E17A58}.Debug|Any CPU.ActiveCfg = Debug|Any CPU
		{CDE2BB92-615A-46E6-9D15-03DBE7E17A58}.Debug|Any CPU.Build.0 = Debug|Any CPU
		{CDE2BB92-615A-46E6-9D15-03DBE7E17A58}.Debug|ARM.ActiveCfg = Debug|Any CPU
		{CDE2BB92-615A-46E6-9D15-03DBE7E17A58}.Debug|ARM.Build.0 = Debug|Any CPU
		{CDE2BB92-615A-46E6-9D15-03DBE7E17A58}.Debug|x64.ActiveCfg = Debug|Any CPU
		{CDE2BB92-615A-46E6-9D15-03DBE7E17A58}.Debug|x64.Build.0 = Debug|Any CPU
		{CDE2BB92-615A-46E6-9D15-03DBE7E17A58}.Debug|x86.ActiveCfg = Debug|Any CPU
		{CDE2BB92-615A-46E6-9D15-03DBE7E17A58}.Debug|x86.Build.0 = Debug|Any CPU
		{CDE2BB92-615A-46E6-9D15-03DBE7E17A58}.Release|Any CPU.ActiveCfg = Release|Any CPU
		{CDE2BB92-615A-46E6-9D15-03DBE7E17A58}.Release|Any CPU.Build.0 = Release|Any CPU
		{CDE2BB92-615A-46E6-9D15-03DBE7E17A58}.Release|ARM.ActiveCfg = Release|Any CPU
		{CDE2BB92-615A-46E6-9D15-03DBE7E17A58}.Release|ARM.Build.0 = Release|Any CPU
		{CDE2BB92-615A-46E6-9D15-03DBE7E17A58}.Release|x64.ActiveCfg = Release|Any CPU
		{CDE2BB92-615A-46E6-9D15-03DBE7E17A58}.Release|x64.Build.0 = Release|Any CPU
		{CDE2BB92-615A-46E6-9D15-03DBE7E17A58}.Release|x86.ActiveCfg = Release|Any CPU
		{CDE2BB92-615A-46E6-9D15-03DBE7E17A58}.Release|x86.Build.0 = Release|Any CPU
		{88BD8F4A-4CF4-4F67-84CA-8669B5470B5D}.Debug|Any CPU.ActiveCfg = Debug|Any CPU
		{88BD8F4A-4CF4-4F67-84CA-8669B5470B5D}.Debug|Any CPU.Build.0 = Debug|Any CPU
		{88BD8F4A-4CF4-4F67-84CA-8669B5470B5D}.Debug|ARM.ActiveCfg = Debug|Any CPU
		{88BD8F4A-4CF4-4F67-84CA-8669B5470B5D}.Debug|ARM.Build.0 = Debug|Any CPU
		{88BD8F4A-4CF4-4F67-84CA-8669B5470B5D}.Debug|x64.ActiveCfg = Debug|Any CPU
		{88BD8F4A-4CF4-4F67-84CA-8669B5470B5D}.Debug|x64.Build.0 = Debug|Any CPU
		{88BD8F4A-4CF4-4F67-84CA-8669B5470B5D}.Debug|x86.ActiveCfg = Debug|Any CPU
		{88BD8F4A-4CF4-4F67-84CA-8669B5470B5D}.Debug|x86.Build.0 = Debug|Any CPU
		{88BD8F4A-4CF4-4F67-84CA-8669B5470B5D}.Release|Any CPU.ActiveCfg = Release|Any CPU
		{88BD8F4A-4CF4-4F67-84CA-8669B5470B5D}.Release|Any CPU.Build.0 = Release|Any CPU
		{88BD8F4A-4CF4-4F67-84CA-8669B5470B5D}.Release|ARM.ActiveCfg = Release|Any CPU
		{88BD8F4A-4CF4-4F67-84CA-8669B5470B5D}.Release|ARM.Build.0 = Release|Any CPU
		{88BD8F4A-4CF4-4F67-84CA-8669B5470B5D}.Release|x64.ActiveCfg = Release|Any CPU
		{88BD8F4A-4CF4-4F67-84CA-8669B5470B5D}.Release|x64.Build.0 = Release|Any CPU
		{88BD8F4A-4CF4-4F67-84CA-8669B5470B5D}.Release|x86.ActiveCfg = Release|Any CPU
		{88BD8F4A-4CF4-4F67-84CA-8669B5470B5D}.Release|x86.Build.0 = Release|Any CPU
		{04A1BF31-FC10-4B70-8D00-725F4600C895}.Debug|Any CPU.ActiveCfg = Debug|Any CPU
		{04A1BF31-FC10-4B70-8D00-725F4600C895}.Debug|Any CPU.Build.0 = Debug|Any CPU
		{04A1BF31-FC10-4B70-8D00-725F4600C895}.Debug|ARM.ActiveCfg = Debug|Any CPU
		{04A1BF31-FC10-4B70-8D00-725F4600C895}.Debug|ARM.Build.0 = Debug|Any CPU
		{04A1BF31-FC10-4B70-8D00-725F4600C895}.Debug|x64.ActiveCfg = Debug|Any CPU
		{04A1BF31-FC10-4B70-8D00-725F4600C895}.Debug|x64.Build.0 = Debug|Any CPU
		{04A1BF31-FC10-4B70-8D00-725F4600C895}.Debug|x86.ActiveCfg = Debug|Any CPU
		{04A1BF31-FC10-4B70-8D00-725F4600C895}.Debug|x86.Build.0 = Debug|Any CPU
		{04A1BF31-FC10-4B70-8D00-725F4600C895}.Release|Any CPU.ActiveCfg = Release|Any CPU
		{04A1BF31-FC10-4B70-8D00-725F4600C895}.Release|Any CPU.Build.0 = Release|Any CPU
		{04A1BF31-FC10-4B70-8D00-725F4600C895}.Release|ARM.ActiveCfg = Release|Any CPU
		{04A1BF31-FC10-4B70-8D00-725F4600C895}.Release|ARM.Build.0 = Release|Any CPU
		{04A1BF31-FC10-4B70-8D00-725F4600C895}.Release|x64.ActiveCfg = Release|Any CPU
		{04A1BF31-FC10-4B70-8D00-725F4600C895}.Release|x64.Build.0 = Release|Any CPU
		{04A1BF31-FC10-4B70-8D00-725F4600C895}.Release|x86.ActiveCfg = Release|Any CPU
		{04A1BF31-FC10-4B70-8D00-725F4600C895}.Release|x86.Build.0 = Release|Any CPU
		{9C863AF9-A8F3-48D3-854F-525C80E2B5EF}.Debug|Any CPU.ActiveCfg = Debug|Any CPU
		{9C863AF9-A8F3-48D3-854F-525C80E2B5EF}.Debug|Any CPU.Build.0 = Debug|Any CPU
		{9C863AF9-A8F3-48D3-854F-525C80E2B5EF}.Debug|ARM.ActiveCfg = Debug|Any CPU
		{9C863AF9-A8F3-48D3-854F-525C80E2B5EF}.Debug|ARM.Build.0 = Debug|Any CPU
		{9C863AF9-A8F3-48D3-854F-525C80E2B5EF}.Debug|x64.ActiveCfg = Debug|Any CPU
		{9C863AF9-A8F3-48D3-854F-525C80E2B5EF}.Debug|x64.Build.0 = Debug|Any CPU
		{9C863AF9-A8F3-48D3-854F-525C80E2B5EF}.Debug|x86.ActiveCfg = Debug|Any CPU
		{9C863AF9-A8F3-48D3-854F-525C80E2B5EF}.Debug|x86.Build.0 = Debug|Any CPU
		{9C863AF9-A8F3-48D3-854F-525C80E2B5EF}.Release|Any CPU.ActiveCfg = Release|Any CPU
		{9C863AF9-A8F3-48D3-854F-525C80E2B5EF}.Release|Any CPU.Build.0 = Release|Any CPU
		{9C863AF9-A8F3-48D3-854F-525C80E2B5EF}.Release|ARM.ActiveCfg = Release|Any CPU
		{9C863AF9-A8F3-48D3-854F-525C80E2B5EF}.Release|ARM.Build.0 = Release|Any CPU
		{9C863AF9-A8F3-48D3-854F-525C80E2B5EF}.Release|x64.ActiveCfg = Release|Any CPU
		{9C863AF9-A8F3-48D3-854F-525C80E2B5EF}.Release|x64.Build.0 = Release|Any CPU
		{9C863AF9-A8F3-48D3-854F-525C80E2B5EF}.Release|x86.ActiveCfg = Release|Any CPU
		{9C863AF9-A8F3-48D3-854F-525C80E2B5EF}.Release|x86.Build.0 = Release|Any CPU
		{66B4D93B-51AE-43AF-826F-EDF7750E459A}.Debug|Any CPU.ActiveCfg = Debug|Any CPU
		{66B4D93B-51AE-43AF-826F-EDF7750E459A}.Debug|Any CPU.Build.0 = Debug|Any CPU
		{66B4D93B-51AE-43AF-826F-EDF7750E459A}.Debug|ARM.ActiveCfg = Debug|Any CPU
		{66B4D93B-51AE-43AF-826F-EDF7750E459A}.Debug|ARM.Build.0 = Debug|Any CPU
		{66B4D93B-51AE-43AF-826F-EDF7750E459A}.Debug|x64.ActiveCfg = Debug|Any CPU
		{66B4D93B-51AE-43AF-826F-EDF7750E459A}.Debug|x64.Build.0 = Debug|Any CPU
		{66B4D93B-51AE-43AF-826F-EDF7750E459A}.Debug|x86.ActiveCfg = Debug|Any CPU
		{66B4D93B-51AE-43AF-826F-EDF7750E459A}.Debug|x86.Build.0 = Debug|Any CPU
		{66B4D93B-51AE-43AF-826F-EDF7750E459A}.Release|Any CPU.ActiveCfg = Release|Any CPU
		{66B4D93B-51AE-43AF-826F-EDF7750E459A}.Release|Any CPU.Build.0 = Release|Any CPU
		{66B4D93B-51AE-43AF-826F-EDF7750E459A}.Release|ARM.ActiveCfg = Release|Any CPU
		{66B4D93B-51AE-43AF-826F-EDF7750E459A}.Release|ARM.Build.0 = Release|Any CPU
		{66B4D93B-51AE-43AF-826F-EDF7750E459A}.Release|x64.ActiveCfg = Release|Any CPU
		{66B4D93B-51AE-43AF-826F-EDF7750E459A}.Release|x64.Build.0 = Release|Any CPU
		{66B4D93B-51AE-43AF-826F-EDF7750E459A}.Release|x86.ActiveCfg = Release|Any CPU
		{66B4D93B-51AE-43AF-826F-EDF7750E459A}.Release|x86.Build.0 = Release|Any CPU
		{9D01E318-49A8-4C64-829C-78D0B8C297F8}.Debug|Any CPU.ActiveCfg = Debug|Any CPU
		{9D01E318-49A8-4C64-829C-78D0B8C297F8}.Debug|Any CPU.Build.0 = Debug|Any CPU
		{9D01E318-49A8-4C64-829C-78D0B8C297F8}.Debug|ARM.ActiveCfg = Debug|Any CPU
		{9D01E318-49A8-4C64-829C-78D0B8C297F8}.Debug|ARM.Build.0 = Debug|Any CPU
		{9D01E318-49A8-4C64-829C-78D0B8C297F8}.Debug|x64.ActiveCfg = Debug|Any CPU
		{9D01E318-49A8-4C64-829C-78D0B8C297F8}.Debug|x64.Build.0 = Debug|Any CPU
		{9D01E318-49A8-4C64-829C-78D0B8C297F8}.Debug|x86.ActiveCfg = Debug|Any CPU
		{9D01E318-49A8-4C64-829C-78D0B8C297F8}.Debug|x86.Build.0 = Debug|Any CPU
		{9D01E318-49A8-4C64-829C-78D0B8C297F8}.Release|Any CPU.ActiveCfg = Release|Any CPU
		{9D01E318-49A8-4C64-829C-78D0B8C297F8}.Release|Any CPU.Build.0 = Release|Any CPU
		{9D01E318-49A8-4C64-829C-78D0B8C297F8}.Release|ARM.ActiveCfg = Release|Any CPU
		{9D01E318-49A8-4C64-829C-78D0B8C297F8}.Release|ARM.Build.0 = Release|Any CPU
		{9D01E318-49A8-4C64-829C-78D0B8C297F8}.Release|x64.ActiveCfg = Release|Any CPU
		{9D01E318-49A8-4C64-829C-78D0B8C297F8}.Release|x64.Build.0 = Release|Any CPU
		{9D01E318-49A8-4C64-829C-78D0B8C297F8}.Release|x86.ActiveCfg = Release|Any CPU
		{9D01E318-49A8-4C64-829C-78D0B8C297F8}.Release|x86.Build.0 = Release|Any CPU
		{E4CEDC63-C70B-4D0B-97B7-127E876F53C7}.Debug|Any CPU.ActiveCfg = Debug|Any CPU
		{E4CEDC63-C70B-4D0B-97B7-127E876F53C7}.Debug|Any CPU.Build.0 = Debug|Any CPU
		{E4CEDC63-C70B-4D0B-97B7-127E876F53C7}.Debug|ARM.ActiveCfg = Debug|Any CPU
		{E4CEDC63-C70B-4D0B-97B7-127E876F53C7}.Debug|ARM.Build.0 = Debug|Any CPU
		{E4CEDC63-C70B-4D0B-97B7-127E876F53C7}.Debug|x64.ActiveCfg = Debug|Any CPU
		{E4CEDC63-C70B-4D0B-97B7-127E876F53C7}.Debug|x64.Build.0 = Debug|Any CPU
		{E4CEDC63-C70B-4D0B-97B7-127E876F53C7}.Debug|x86.ActiveCfg = Debug|Any CPU
		{E4CEDC63-C70B-4D0B-97B7-127E876F53C7}.Debug|x86.Build.0 = Debug|Any CPU
		{E4CEDC63-C70B-4D0B-97B7-127E876F53C7}.Release|Any CPU.ActiveCfg = Release|Any CPU
		{E4CEDC63-C70B-4D0B-97B7-127E876F53C7}.Release|Any CPU.Build.0 = Release|Any CPU
		{E4CEDC63-C70B-4D0B-97B7-127E876F53C7}.Release|ARM.ActiveCfg = Release|Any CPU
		{E4CEDC63-C70B-4D0B-97B7-127E876F53C7}.Release|ARM.Build.0 = Release|Any CPU
		{E4CEDC63-C70B-4D0B-97B7-127E876F53C7}.Release|x64.ActiveCfg = Release|Any CPU
		{E4CEDC63-C70B-4D0B-97B7-127E876F53C7}.Release|x64.Build.0 = Release|Any CPU
		{E4CEDC63-C70B-4D0B-97B7-127E876F53C7}.Release|x86.ActiveCfg = Release|Any CPU
		{E4CEDC63-C70B-4D0B-97B7-127E876F53C7}.Release|x86.Build.0 = Release|Any CPU
	EndGlobalSection
	GlobalSection(SolutionProperties) = preSolution
		HideSolutionNode = FALSE
	EndGlobalSection
EndGlobal
